PODS:
  - core_plugin (0.0.1):
    - Flutter
  - Flutter (1.0.0)
  - flutter_keyboard_visibility (0.0.1):
    - Flutter
  - flutter_miniaudio (0.0.1):
    - Flutter
  - zstandard_ios (0.0.1):
    - Flutter

DEPENDENCIES:
  - core_plugin (from `.symlinks/plugins/core_plugin/ios`)
  - Flutter (from `Flutter`)
  - flutter_keyboard_visibility (from `.symlinks/plugins/flutter_keyboard_visibility/ios`)
  - flutter_miniaudio (from `.symlinks/plugins/flutter_miniaudio/ios`)
  - zstandard_ios (from `.symlinks/plugins/zstandard_ios/ios`)

EXTERNAL SOURCES:
  core_plugin:
    :path: ".symlinks/plugins/core_plugin/ios"
  Flutter:
    :path: Flutter
  flutter_keyboard_visibility:
    :path: ".symlinks/plugins/flutter_keyboard_visibility/ios"
  flutter_miniaudio:
    :path: ".symlinks/plugins/flutter_miniaudio/ios"
  zstandard_ios:
    :path: ".symlinks/plugins/zstandard_ios/ios"

SPEC CHECKSUMS:
  core_plugin: 5e9bb0b823555916f7ea98de00fcc6e16ac91d08
  Flutter: 71a624a5bc0c04062bf19101d501e466baf2fb47
  flutter_keyboard_visibility: 4625131e43015dbbe759d9b20daaf77e0e3f6619
  flutter_miniaudio: bdedd4346e48549bf732e4977129b363c3e0d169
  zstandard_ios: b20c54862b56c31c7a47074b79fcf181780268b0

PODFILE CHECKSUM: 947f2cb61198a64a2e12161a38ea95858cab6405

COCOAPODS: 1.16.2
